
Microsoft Visual Studio Solution File, Format Version 12.00
# Visual Studio Version 17
VisualStudioVersion = 17.9.34622.214
MinimumVisualStudioVersion = 10.0.40219.1
Project("{FAE04EC0-301F-11D3-BF4B-00C04F79EFBC}") = "MVC", "MVC\MVC.csproj", "{E8F4081E-7CF9-4E8C-8185-B8872DBFCFCE}"
EndProject
Global
	GlobalSection(SolutionConfigurationPlatforms) = preSolution
		Debug|Any CPU = Debug|Any CPU
		Release|Any CPU = Release|Any CPU
	EndGlobalSection
	GlobalSection(ProjectConfigurationPlatforms) = postSolution
		{E8F4081E-7CF9-4E8C-8185-B8872DBFCFCE}.Debug|Any CPU.ActiveCfg = Debug|Any CPU
		{E8F4081E-7CF9-4E8C-8185-B8872DBFCFCE}.Debug|Any CPU.Build.0 = Debug|Any CPU
		{E8F4081E-7CF9-4E8C-8185-B8872DBFCFCE}.Release|Any CPU.ActiveCfg = Release|Any CPU
		{E8F4081E-7CF9-4E8C-8185-B8872DBFCFCE}.Release|Any CPU.Build.0 = Release|Any CPU
	EndGlobalSection
	GlobalSection(SolutionProperties) = preSolution
		HideSolutionNode = FALSE
	EndGlobalSection
	GlobalSection(ExtensibilityGlobals) = postSolution
		SolutionGuid = {B111D667-BFA1-422C-9917-0A222B35A65F}
	EndGlobalSection
EndGlobal
