
Microsoft Visual Studio Solution File, Format Version 12.00
# Visual Studio Version 17
VisualStudioVersion = 17.9.34607.119
MinimumVisualStudioVersion = 10.0.40219.1
Project("{FAE04EC0-301F-11D3-BF4B-00C04F79EFBC}") = "demoGui", "demoGui\demoGui.csproj", "{C97C0CE5-6568-46DB-8B86-BEEB79E108F5}"
EndProject
Global
	GlobalSection(SolutionConfigurationPlatforms) = preSolution
		Debug|Any CPU = Debug|Any CPU
		Release|Any CPU = Release|Any CPU
	EndGlobalSection
	GlobalSection(ProjectConfigurationPlatforms) = postSolution
		{C97C0CE5-6568-46DB-8B86-BEEB79E108F5}.Debug|Any CPU.ActiveCfg = Debug|Any CPU
		{C97C0CE5-6568-46DB-8B86-BEEB79E108F5}.Debug|Any CPU.Build.0 = Debug|Any CPU
		{C97C0CE5-6568-46DB-8B86-BEEB79E108F5}.Release|Any CPU.ActiveCfg = Release|Any CPU
		{C97C0CE5-6568-46DB-8B86-BEEB79E108F5}.Release|Any CPU.Build.0 = Release|Any CPU
	EndGlobalSection
	GlobalSection(SolutionProperties) = preSolution
		HideSolutionNode = FALSE
	EndGlobalSection
	GlobalSection(ExtensibilityGlobals) = postSolution
		SolutionGuid = {A9B16EBF-ACF2-4523-A529-C274C23376A7}
	EndGlobalSection
EndGlobal
