
Microsoft Visual Studio Solution File, Format Version 12.00
# Visual Studio Version 17
VisualStudioVersion = 17.9.34622.214
MinimumVisualStudioVersion = 10.0.40219.1
Project("{FAE04EC0-301F-11D3-BF4B-00C04F79EFBC}") = "quizLearning", "quizLearning\quizLearning.csproj", "{AD49D2E4-AA3E-4C6F-9521-AAE7F20B372D}"
EndProject
Global
	GlobalSection(SolutionConfigurationPlatforms) = preSolution
		Debug|Any CPU = Debug|Any CPU
		Release|Any CPU = Release|Any CPU
	EndGlobalSection
	GlobalSection(ProjectConfigurationPlatforms) = postSolution
		{AD49D2E4-AA3E-4C6F-9521-AAE7F20B372D}.Debug|Any CPU.ActiveCfg = Debug|Any CPU
		{AD49D2E4-AA3E-4C6F-9521-AAE7F20B372D}.Debug|Any CPU.Build.0 = Debug|Any CPU
		{AD49D2E4-AA3E-4C6F-9521-AAE7F20B372D}.Release|Any CPU.ActiveCfg = Release|Any CPU
		{AD49D2E4-AA3E-4C6F-9521-AAE7F20B372D}.Release|Any CPU.Build.0 = Release|Any CPU
	EndGlobalSection
	GlobalSection(SolutionProperties) = preSolution
		HideSolutionNode = FALSE
	EndGlobalSection
	GlobalSection(ExtensibilityGlobals) = postSolution
		SolutionGuid = {04C7A637-3217-4CE2-A528-242852F63F31}
	EndGlobalSection
EndGlobal
