
Microsoft Visual Studio Solution File, Format Version 12.00
# Visual Studio Version 17
VisualStudioVersion = 17.9.34622.214
MinimumVisualStudioVersion = 10.0.40219.1
Project("{FAE04EC0-301F-11D3-BF4B-00C04F79EFBC}") = "ProjectMvcDotNet", "ProjectMvcDotNet\ProjectMvcDotNet.csproj", "{89F72F60-025C-453C-9CDA-FB3FA2BDB367}"
EndProject
Global
	GlobalSection(SolutionConfigurationPlatforms) = preSolution
		Debug|Any CPU = Debug|Any CPU
		Release|Any CPU = Release|Any CPU
	EndGlobalSection
	GlobalSection(ProjectConfigurationPlatforms) = postSolution
		{89F72F60-025C-453C-9CDA-FB3FA2BDB367}.Debug|Any CPU.ActiveCfg = Debug|Any CPU
		{89F72F60-025C-453C-9CDA-FB3FA2BDB367}.Debug|Any CPU.Build.0 = Debug|Any CPU
		{89F72F60-025C-453C-9CDA-FB3FA2BDB367}.Release|Any CPU.ActiveCfg = Release|Any CPU
		{89F72F60-025C-453C-9CDA-FB3FA2BDB367}.Release|Any CPU.Build.0 = Release|Any CPU
	EndGlobalSection
	GlobalSection(SolutionProperties) = preSolution
		HideSolutionNode = FALSE
	EndGlobalSection
	GlobalSection(ExtensibilityGlobals) = postSolution
		SolutionGuid = {6A184C6E-D02F-47DC-A774-A9BB60A90110}
	EndGlobalSection
EndGlobal
