
Microsoft Visual Studio Solution File, Format Version 12.00
# Visual Studio Version 17
VisualStudioVersion = 17.9.34622.214
MinimumVisualStudioVersion = 10.0.40219.1
Project("{FAE04EC0-301F-11D3-BF4B-00C04F79EFBC}") = "DataBase_Advanced", "DataBase_Advanced\DataBase_Advanced.csproj", "{ABE918F0-5A78-4696-AB35-F04A6DECCAD2}"
EndProject
Global
	GlobalSection(SolutionConfigurationPlatforms) = preSolution
		Debug|Any CPU = Debug|Any CPU
		Release|Any CPU = Release|Any CPU
	EndGlobalSection
	GlobalSection(ProjectConfigurationPlatforms) = postSolution
		{ABE918F0-5A78-4696-AB35-F04A6DECCAD2}.Debug|Any CPU.ActiveCfg = Debug|Any CPU
		{ABE918F0-5A78-4696-AB35-F04A6DECCAD2}.Debug|Any CPU.Build.0 = Debug|Any CPU
		{ABE918F0-5A78-4696-AB35-F04A6DECCAD2}.Release|Any CPU.ActiveCfg = Release|Any CPU
		{ABE918F0-5A78-4696-AB35-F04A6DECCAD2}.Release|Any CPU.Build.0 = Release|Any CPU
	EndGlobalSection
	GlobalSection(SolutionProperties) = preSolution
		HideSolutionNode = FALSE
	EndGlobalSection
	GlobalSection(ExtensibilityGlobals) = postSolution
		SolutionGuid = {E08BF450-7755-48B4-A6C3-813BC19A00FC}
	EndGlobalSection
EndGlobal
